
Microsoft Visual Studio Solution File, Format Version 12.00
# Visual Studio Version 17
VisualStudioVersion = 17.7.34221.43
MinimumVisualStudioVersion = 10.0.40219.1
Project("{FAE04EC0-301F-11D3-BF4B-00C04F79EFBC}") = "elyte3", "elyte3\elyte3.csproj", "{9219BA0C-3FFF-42BE-9B3B-B005E09B45C8}"
EndProject
Global
	GlobalSection(SolutionConfigurationPlatforms) = preSolution
		Debug|Any CPU = Debug|Any CPU
		Release|Any CPU = Release|Any CPU
	EndGlobalSection
	GlobalSection(ProjectConfigurationPlatforms) = postSolution
		{9219BA0C-3FFF-42BE-9B3B-B005E09B45C8}.Debug|Any CPU.ActiveCfg = Debug|Any CPU
		{9219BA0C-3FFF-42BE-9B3B-B005E09B45C8}.Debug|Any CPU.Build.0 = Debug|Any CPU
		{9219BA0C-3FFF-42BE-9B3B-B005E09B45C8}.Release|Any CPU.ActiveCfg = Release|Any CPU
		{9219BA0C-3FFF-42BE-9B3B-B005E09B45C8}.Release|Any CPU.Build.0 = Release|Any CPU
	EndGlobalSection
	GlobalSection(SolutionProperties) = preSolution
		HideSolutionNode = FALSE
	EndGlobalSection
	GlobalSection(ExtensibilityGlobals) = postSolution
		SolutionGuid = {4D9B1AED-918A-4789-A0E7-985A107163B0}
	EndGlobalSection
EndGlobal
